<Solution>
    <Configurations>
        <Platform Name="Any CPU" />
    </Configurations>
    <Folder Name="/src/">
        <Project Path="src/Test1.BookStore.Domain/Test1.BookStore.Domain.csproj" />
        <Project Path="src/Test1.BookStore.Application/Test1.BookStore.Application.csproj" />
        <Project Path="src/Test1.BookStore.EntityFrameworkCore/Test1.BookStore.EntityFrameworkCore.csproj" />
        <Project Path="src/Test1.BookStore.Domain.Shared/Test1.BookStore.Domain.Shared.csproj" />
        <Project Path="src/Test1.BookStore.Application.Contracts/Test1.BookStore.Application.Contracts.csproj" />
        <Project Path="src/Test1.BookStore.HttpApi/Test1.BookStore.HttpApi.csproj" />
        <Project Path="src/Test1.BookStore.HttpApi.Client/Test1.BookStore.HttpApi.Client.csproj" />
        <Project Path="src/Test1.BookStore.DbMigrator/Test1.BookStore.DbMigrator.csproj" />
        <Project Path="src/Test1.BookStore.HttpApi.Host/Test1.BookStore.HttpApi.Host.csproj" />
    </Folder>
    <Folder Name="/test/">
        <Project Path="test/Test1.BookStore.Application.Tests/Test1.BookStore.Application.Tests.csproj" />
        <Project Path="test/Test1.BookStore.EntityFrameworkCore.Tests/Test1.BookStore.EntityFrameworkCore.Tests.csproj" />
        <Project Path="test/Test1.BookStore.TestBase/Test1.BookStore.TestBase.csproj" />
        <Project Path="test/Test1.BookStore.Domain.Tests/Test1.BookStore.Domain.Tests.csproj" />
        <Project Path="test/Test1.BookStore.HttpApi.Client.ConsoleTestApp/Test1.BookStore.HttpApi.Client.ConsoleTestApp.csproj" />
    </Folder>
</Solution>